
Microsoft Visual Studio Solution File, Format Version 12.00
# Visual Studio Version 16
VisualStudioVersion = 16.0.29709.97
MinimumVisualStudioVersion = 10.0.40219.1
Project("{9A19103F-16F7-4668-BE54-9A1E7A4F7556}") = "CookingTerminalMain", "CookingTerminalMain\CookingTerminalMain.csproj", "{23BF63EA-643C-40BD-A9B2-32E859B002E0}"
EndProject
Project("{9A19103F-16F7-4668-BE54-9A1E7A4F7556}") = "BackendHandler", "BackendHandler\BackendHandler.csproj", "{3275398B-D363-4831-AD15-8F74FC45C1F3}"
EndProject
Global
	GlobalSection(SolutionConfigurationPlatforms) = preSolution
		Debug|Any CPU = Debug|Any CPU
		Release|Any CPU = Release|Any CPU
	EndGlobalSection
	GlobalSection(ProjectConfigurationPlatforms) = postSolution
		{23BF63EA-643C-40BD-A9B2-32E859B002E0}.Debug|Any CPU.ActiveCfg = Debug|Any CPU
		{23BF63EA-643C-40BD-A9B2-32E859B002E0}.Debug|Any CPU.Build.0 = Debug|Any CPU
		{23BF63EA-643C-40BD-A9B2-32E859B002E0}.Release|Any CPU.ActiveCfg = Release|Any CPU
		{23BF63EA-643C-40BD-A9B2-32E859B002E0}.Release|Any CPU.Build.0 = Release|Any CPU
		{3275398B-D363-4831-AD15-8F74FC45C1F3}.Debug|Any CPU.ActiveCfg = Debug|Any CPU
		{3275398B-D363-4831-AD15-8F74FC45C1F3}.Debug|Any CPU.Build.0 = Debug|Any CPU
		{3275398B-D363-4831-AD15-8F74FC45C1F3}.Release|Any CPU.ActiveCfg = Release|Any CPU
		{3275398B-D363-4831-AD15-8F74FC45C1F3}.Release|Any CPU.Build.0 = Release|Any CPU
	EndGlobalSection
	GlobalSection(SolutionProperties) = preSolution
		HideSolutionNode = FALSE
	EndGlobalSection
	GlobalSection(ExtensibilityGlobals) = postSolution
		SolutionGuid = {053477E2-27C8-4A70-9F4A-4EA2C494ED0A}
	EndGlobalSection
EndGlobal
